
Microsoft Visual Studio Solution File, Format Version 12.00
# Visual Studio 15
VisualStudioVersion = 15.0.28307.572
MinimumVisualStudioVersion = 10.0.40219.1
Project("{FAE04EC0-301F-11D3-BF4B-00C04F79EFBC}") = "Decova.Exceptions", "Decova.Exceptions\Decova.Exceptions.csproj", "{81219529-8291-4F61-B8B5-2B0A2BBF3921}"
EndProject
Global
	GlobalSection(SolutionConfigurationPlatforms) = preSolution
		Debug|Any CPU = Debug|Any CPU
		Release|Any CPU = Release|Any CPU
	EndGlobalSection
	GlobalSection(ProjectConfigurationPlatforms) = postSolution
		{81219529-8291-4F61-B8B5-2B0A2BBF3921}.Debug|Any CPU.ActiveCfg = Debug|Any CPU
		{81219529-8291-4F61-B8B5-2B0A2BBF3921}.Debug|Any CPU.Build.0 = Debug|Any CPU
		{81219529-8291-4F61-B8B5-2B0A2BBF3921}.Release|Any CPU.ActiveCfg = Release|Any CPU
		{81219529-8291-4F61-B8B5-2B0A2BBF3921}.Release|Any CPU.Build.0 = Release|Any CPU
	EndGlobalSection
	GlobalSection(SolutionProperties) = preSolution
		HideSolutionNode = FALSE
	EndGlobalSection
	GlobalSection(ExtensibilityGlobals) = postSolution
		SolutionGuid = {53EC4EED-01DF-4F0B-8B2D-50BFB3F35A5C}
	EndGlobalSection
EndGlobal
